// !$*UTF8*$!
{
	archiveVersion = 1;
	classes = {
	};
	objectVersion = 46;
	objects = {

/* Begin PBXBuildFile section */
		3A5A91681B023EEA007A191E /* main.m in Sources */ = {isa = PBXBuildFile; fileRef = 3A5A91671B023EEA007A191E /* main.m */; };
		3A5A916B1B023EEA007A191E /* AppDelegate.m in Sources */ = {isa = PBXBuildFile; fileRef = 3A5A916A1B023EEA007A191E /* AppDelegate.m */; };
		3A5A916E1B023EEA007A191E /* ViewController.m in Sources */ = {isa = PBXBuildFile; fileRef = 3A5A916D1B023EEA007A191E /* ViewController.m */; };
		3A5A91711B023EEA007A191E /* Main.storyboard in Resources */ = {isa = PBXBuildFile; fileRef = 3A5A916F1B023EEA007A191E /* Main.storyboard */; };
		3A5A91731B023EEA007A191E /* Images.xcassets in Resources */ = {isa = PBXBuildFile; fileRef = 3A5A91721B023EEA007A191E /* Images.xcassets */; };
		3A5A91761B023EEA007A191E /* LaunchScreen.xib in Resources */ = {isa = PBXBuildFile; fileRef = 3A5A91741B023EEA007A191E /* LaunchScreen.xib */; };
		3A5A91821B023EEA007A191E /* FacebookMigrationTests.m in Sources */ = {isa = PBXBuildFile; fileRef = 3A5A91811B023EEA007A191E /* FacebookMigrationTests.m */; };
		3A5A918D1B0244B9007A191E /* RLFacebookManager.m in Sources */ = {isa = PBXBuildFile; fileRef = 3A5A918C1B0244B9007A191E /* RLFacebookManager.m */; };
		CA71DB8A9E5CA68842CC5073 /* libPods.a in Frameworks */ = {isa = PBXBuildFile; fileRef = 27F51D31FB85BF205D5815AF /* libPods.a */; };
/* End PBXBuildFile section */

/* Begin PBXContainerItemProxy section */
		3A5A917C1B023EEA007A191E /* PBXContainerItemProxy */ = {
			isa = PBXContainerItemProxy;
			containerPortal = 3A5A915A1B023EEA007A191E /* Project object */;
			proxyType = 1;
			remoteGlobalIDString = 3A5A91611B023EEA007A191E;
			remoteInfo = FacebookMigration;
		};
/* End PBXContainerItemProxy section */

/* Begin PBXFileReference section */
		27F51D31FB85BF205D5815AF /* libPods.a */ = {isa = PBXFileReference; explicitFileType = archive.ar; includeInIndex = 0; path = libPods.a; sourceTree = BUILT_PRODUCTS_DIR; };
		3A5A91621B023EEA007A191E /* FacebookMigration.app */ = {isa = PBXFileReference; explicitFileType = wrapper.application; includeInIndex = 0; path = FacebookMigration.app; sourceTree = BUILT_PRODUCTS_DIR; };
		3A5A91661B023EEA007A191E /* Info.plist */ = {isa = PBXFileReference; lastKnownFileType = text.plist.xml; path = Info.plist; sourceTree = "<group>"; };
		3A5A91671B023EEA007A191E /* main.m */ = {isa = PBXFileReference; lastKnownFileType = sourcecode.c.objc; path = main.m; sourceTree = "<group>"; };
		3A5A91691B023EEA007A191E /* AppDelegate.h */ = {isa = PBXFileReference; lastKnownFileType = sourcecode.c.h; path = AppDelegate.h; sourceTree = "<group>"; };
		3A5A916A1B023EEA007A191E /* AppDelegate.m */ = {isa = PBXFileReference; lastKnownFileType = sourcecode.c.objc; path = AppDelegate.m; sourceTree = "<group>"; };
		3A5A916C1B023EEA007A191E /* ViewController.h */ = {isa = PBXFileReference; lastKnownFileType = sourcecode.c.h; path = ViewController.h; sourceTree = "<group>"; };
		3A5A916D1B023EEA007A191E /* ViewController.m */ = {isa = PBXFileReference; lastKnownFileType = sourcecode.c.objc; path = ViewController.m; sourceTree = "<group>"; };
		3A5A91701B023EEA007A191E /* Base */ = {isa = PBXFileReference; lastKnownFileType = file.storyboard; name = Base; path = Base.lproj/Main.storyboard; sourceTree = "<group>"; };
		3A5A91721B023EEA007A191E /* Images.xcassets */ = {isa = PBXFileReference; lastKnownFileType = folder.assetcatalog; path = Images.xcassets; sourceTree = "<group>"; };
		3A5A91751B023EEA007A191E /* Base */ = {isa = PBXFileReference; lastKnownFileType = file.xib; name = Base; path = Base.lproj/LaunchScreen.xib; sourceTree = "<group>"; };
		3A5A917B1B023EEA007A191E /* FacebookMigrationTests.xctest */ = {isa = PBXFileReference; explicitFileType = wrapper.cfbundle; includeInIndex = 0; path = FacebookMigrationTests.xctest; sourceTree = BUILT_PRODUCTS_DIR; };
		3A5A91801B023EEA007A191E /* Info.plist */ = {isa = PBXFileReference; lastKnownFileType = text.plist.xml; path = Info.plist; sourceTree = "<group>"; };
		3A5A91811B023EEA007A191E /* FacebookMigrationTests.m */ = {isa = PBXFileReference; lastKnownFileType = sourcecode.c.objc; path = FacebookMigrationTests.m; sourceTree = "<group>"; };
		3A5A918B1B0244B9007A191E /* RLFacebookManager.h */ = {isa = PBXFileReference; fileEncoding = 4; lastKnownFileType = sourcecode.c.h; path = RLFacebookManager.h; sourceTree = "<group>"; };
		3A5A918C1B0244B9007A191E /* RLFacebookManager.m */ = {isa = PBXFileReference; fileEncoding = 4; lastKnownFileType = sourcecode.c.objc; path = RLFacebookManager.m; sourceTree = "<group>"; };
		81BE67AABF3BBA5156045708 /* Pods.release.xcconfig */ = {isa = PBXFileReference; includeInIndex = 1; lastKnownFileType = text.xcconfig; name = Pods.release.xcconfig; path = "Pods/Target Support Files/Pods/Pods.release.xcconfig"; sourceTree = "<group>"; };
		A3DEEEFD55C2CAE99999FDD5 /* libPods-FacebookMigration.a */ = {isa = PBXFileReference; explicitFileType = archive.ar; includeInIndex = 0; path = "libPods-FacebookMigration.a"; sourceTree = BUILT_PRODUCTS_DIR; };
		C206DDFED759DB2D526231BF /* Pods.debug.xcconfig */ = {isa = PBXFileReference; includeInIndex = 1; lastKnownFileType = text.xcconfig; name = Pods.debug.xcconfig; path = "Pods/Target Support Files/Pods/Pods.debug.xcconfig"; sourceTree = "<group>"; };
/* End PBXFileReference section */

/* Begin PBXFrameworksBuildPhase section */
		3A5A915F1B023EEA007A191E /* Frameworks */ = {
			isa = PBXFrameworksBuildPhase;
			buildActionMask = 2147483647;
			files = (
				CA71DB8A9E5CA68842CC5073 /* libPods.a in Frameworks */,
			);
			runOnlyForDeploymentPostprocessing = 0;
		};
		3A5A91781B023EEA007A191E /* Frameworks */ = {
			isa = PBXFrameworksBuildPhase;
			buildActionMask = 2147483647;
			files = (
			);
			runOnlyForDeploymentPostprocessing = 0;
		};
/* End PBXFrameworksBuildPhase section */

/* Begin PBXGroup section */
		3A5A91591B023EEA007A191E = {
			isa = PBXGroup;
			children = (
				3A5A91641B023EEA007A191E /* FacebookMigration */,
				3A5A917E1B023EEA007A191E /* FacebookMigrationTests */,
				3A5A91631B023EEA007A191E /* Products */,
				DABDF7A7D8639DB714DEE269 /* Pods */,
				F1E3EC0238A14F6AC6C3B292 /* Frameworks */,
			);
			sourceTree = "<group>";
		};
		3A5A91631B023EEA007A191E /* Products */ = {
			isa = PBXGroup;
			children = (
				3A5A91621B023EEA007A191E /* FacebookMigration.app */,
				3A5A917B1B023EEA007A191E /* FacebookMigrationTests.xctest */,
			);
			name = Products;
			sourceTree = "<group>";
		};
		3A5A91641B023EEA007A191E /* FacebookMigration */ = {
			isa = PBXGroup;
			children = (
				3A5A91691B023EEA007A191E /* AppDelegate.h */,
				3A5A916A1B023EEA007A191E /* AppDelegate.m */,
				3A5A916C1B023EEA007A191E /* ViewController.h */,
				3A5A916D1B023EEA007A191E /* ViewController.m */,
				3A5A916F1B023EEA007A191E /* Main.storyboard */,
				3A5A91721B023EEA007A191E /* Images.xcassets */,
				3A5A91741B023EEA007A191E /* LaunchScreen.xib */,
				3A5A91651B023EEA007A191E /* Supporting Files */,
				3A5A918B1B0244B9007A191E /* RLFacebookManager.h */,
				3A5A918C1B0244B9007A191E /* RLFacebookManager.m */,
			);
			path = FacebookMigration;
			sourceTree = "<group>";
		};
		3A5A91651B023EEA007A191E /* Supporting Files */ = {
			isa = PBXGroup;
			children = (
				3A5A91661B023EEA007A191E /* Info.plist */,
				3A5A91671B023EEA007A191E /* main.m */,
			);
			name = "Supporting Files";
			sourceTree = "<group>";
		};
		3A5A917E1B023EEA007A191E /* FacebookMigrationTests */ = {
			isa = PBXGroup;
			children = (
				3A5A91811B023EEA007A191E /* FacebookMigrationTests.m */,
				3A5A917F1B023EEA007A191E /* Supporting Files */,
			);
			path = FacebookMigrationTests;
			sourceTree = "<group>";
		};
		3A5A917F1B023EEA007A191E /* Supporting Files */ = {
			isa = PBXGroup;
			children = (
				3A5A91801B023EEA007A191E /* Info.plist */,
			);
			name = "Supporting Files";
			sourceTree = "<group>";
		};
		DABDF7A7D8639DB714DEE269 /* Pods */ = {
			isa = PBXGroup;
			children = (
				C206DDFED759DB2D526231BF /* Pods.debug.xcconfig */,
				81BE67AABF3BBA5156045708 /* Pods.release.xcconfig */,
			);
			name = Pods;
			sourceTree = "<group>";
		};
		F1E3EC0238A14F6AC6C3B292 /* Frameworks */ = {
			isa = PBXGroup;
			children = (
				27F51D31FB85BF205D5815AF /* libPods.a */,
				A3DEEEFD55C2CAE99999FDD5 /* libPods-FacebookMigration.a */,
			);
			name = Frameworks;
			sourceTree = "<group>";
		};
/* End PBXGroup section */

/* Begin PBXNativeTarget section */
		3A5A91611B023EEA007A191E /* FacebookMigration */ = {
			isa = PBXNativeTarget;
			buildConfigurationList = 3A5A91851B023EEA007A191E /* Build configuration list for PBXNativeTarget "FacebookMigration" */;
			buildPhases = (
				C2F7746F83ED9477783FEC79 /* Check Pods Manifest.lock */,
				3A5A915E1B023EEA007A191E /* Sources */,
				3A5A915F1B023EEA007A191E /* Frameworks */,
				3A5A91601B023EEA007A191E /* Resources */,
				3993F659540760D68105901E /* Copy Pods Resources */,
			);
			buildRules = (
			);
			dependencies = (
			);
			name = FacebookMigration;
			productName = FacebookMigration;
			productReference = 3A5A91621B023EEA007A191E /* FacebookMigration.app */;
			productType = "com.apple.product-type.application";
		};
		3A5A917A1B023EEA007A191E /* FacebookMigrationTests */ = {
			isa = PBXNativeTarget;
			buildConfigurationList = 3A5A91881B023EEA007A191E /* Build configuration list for PBXNativeTarget "FacebookMigrationTests" */;
			buildPhases = (
				3A5A91771B023EEA007A191E /* Sources */,
				3A5A91781B023EEA007A191E /* Frameworks */,
				3A5A91791B023EEA007A191E /* Resources */,
			);
			buildRules = (
			);
			dependencies = (
				3A5A917D1B023EEA007A191E /* PBXTargetDependency */,
			);
			name = FacebookMigrationTests;
			productName = FacebookMigrationTests;
			productReference = 3A5A917B1B023EEA007A191E /* FacebookMigrationTests.xctest */;
			productType = "com.apple.product-type.bundle.unit-test";
		};
/* End PBXNativeTarget section */

/* Begin PBXProject section */
		3A5A915A1B023EEA007A191E /* Project object */ = {
			isa = PBXProject;
			attributes = {
				LastUpgradeCheck = 0630;
				ORGANIZATIONNAME = Rokk3rlabs;
				TargetAttributes = {
					3A5A91611B023EEA007A191E = {
						CreatedOnToolsVersion = 6.3.1;
					};
					3A5A917A1B023EEA007A191E = {
						CreatedOnToolsVersion = 6.3.1;
						TestTargetID = 3A5A91611B023EEA007A191E;
					};
				};
			};
			buildConfigurationList = 3A5A915D1B023EEA007A191E /* Build configuration list for PBXProject "FacebookMigration" */;
			compatibilityVersion = "Xcode 3.2";
			developmentRegion = English;
			hasScannedForEncodings = 0;
			knownRegions = (
				en,
				Base,
			);
			mainGroup = 3A5A91591B023EEA007A191E;
			productRefGroup = 3A5A91631B023EEA007A191E /* Products */;
			projectDirPath = "";
			projectRoot = "";
			targets = (
				3A5A91611B023EEA007A191E /* FacebookMigration */,
				3A5A917A1B023EEA007A191E /* FacebookMigrationTests */,
			);
		};
/* End PBXProject section */

/* Begin PBXResourcesBuildPhase section */
		3A5A91601B023EEA007A191E /* Resources */ = {
			isa = PBXResourcesBuildPhase;
			buildActionMask = 2147483647;
			files = (
				3A5A91711B023EEA007A191E /* Main.storyboard in Resources */,
				3A5A91761B023EEA007A191E /* LaunchScreen.xib in Resources */,
				3A5A91731B023EEA007A191E /* Images.xcassets in Resources */,
			);
			runOnlyForDeploymentPostprocessing = 0;
		};
		3A5A91791B023EEA007A191E /* Resources */ = {
			isa = PBXResourcesBuildPhase;
			buildActionMask = 2147483647;
			files = (
			);
			runOnlyForDeploymentPostprocessing = 0;
		};
/* End PBXResourcesBuildPhase section */

/* Begin PBXShellScriptBuildPhase section */
		3993F659540760D68105901E /* Copy Pods Resources */ = {
			isa = PBXShellScriptBuildPhase;
			buildActionMask = 2147483647;
			files = (
			);
			inputPaths = (
			);
			name = "Copy Pods Resources";
			outputPaths = (
			);
			runOnlyForDeploymentPostprocessing = 0;
			shellPath = /bin/sh;
			shellScript = "\"${SRCROOT}/Pods/Target Support Files/Pods/Pods-resources.sh\"\n";
			showEnvVarsInLog = 0;
		};
		C2F7746F83ED9477783FEC79 /* Check Pods Manifest.lock */ = {
			isa = PBXShellScriptBuildPhase;
			buildActionMask = 2147483647;
			files = (
			);
			inputPaths = (
			);
			name = "Check Pods Manifest.lock";
			outputPaths = (
			);
			runOnlyForDeploymentPostprocessing = 0;
			shellPath = /bin/sh;
			shellScript = "diff \"${PODS_ROOT}/../Podfile.lock\" \"${PODS_ROOT}/Manifest.lock\" > /dev/null\nif [[ $? != 0 ]] ; then\n    cat << EOM\nerror: The sandbox is not in sync with the Podfile.lock. Run 'pod install' or update your CocoaPods installation.\nEOM\n    exit 1\nfi\n";
			showEnvVarsInLog = 0;
		};
/* End PBXShellScriptBuildPhase section */

/* Begin PBXSourcesBuildPhase section */
		3A5A915E1B023EEA007A191E /* Sources */ = {
			isa = PBXSourcesBuildPhase;
			buildActionMask = 2147483647;
			files = (
				3A5A916E1B023EEA007A191E /* ViewController.m in Sources */,
				3A5A918D1B0244B9007A191E /* RLFacebookManager.m in Sources */,
				3A5A916B1B023EEA007A191E /* AppDelegate.m in Sources */,
				3A5A91681B023EEA007A191E /* main.m in Sources */,
			);
			runOnlyForDeploymentPostprocessing = 0;
		};
		3A5A91771B023EEA007A191E /* Sources */ = {
			isa = PBXSourcesBuildPhase;
			buildActionMask = 2147483647;
			files = (
				3A5A91821B023EEA007A191E /* FacebookMigrationTests.m in Sources */,
			);
			runOnlyForDeploymentPostprocessing = 0;
		};
/* End PBXSourcesBuildPhase section */

/* Begin PBXTargetDependency section */
		3A5A917D1B023EEA007A191E /* PBXTargetDependency */ = {
			isa = PBXTargetDependency;
			target = 3A5A91611B023EEA007A191E /* FacebookMigration */;
			targetProxy = 3A5A917C1B023EEA007A191E /* PBXContainerItemProxy */;
		};
/* End PBXTargetDependency section */

/* Begin PBXVariantGroup section */
		3A5A916F1B023EEA007A191E /* Main.storyboard */ = {
			isa = PBXVariantGroup;
			children = (
				3A5A91701B023EEA007A191E /* Base */,
			);
			name = Main.storyboard;
			sourceTree = "<group>";
		};
		3A5A91741B023EEA007A191E /* LaunchScreen.xib */ = {
			isa = PBXVariantGroup;
			children = (
				3A5A91751B023EEA007A191E /* Base */,
			);
			name = LaunchScreen.xib;
			sourceTree = "<group>";
		};
/* End PBXVariantGroup section */

/* Begin XCBuildConfiguration section */
		3A5A91831B023EEA007A191E /* Debug */ = {
			isa = XCBuildConfiguration;
			buildSettings = {
				ALWAYS_SEARCH_USER_PATHS = NO;
				CLANG_CXX_LANGUAGE_STANDARD = "gnu++0x";
				CLANG_CXX_LIBRARY = "libc++";
				CLANG_ENABLE_MODULES = YES;
				CLANG_ENABLE_OBJC_ARC = YES;
				CLANG_WARN_BOOL_CONVERSION = YES;
				CLANG_WARN_CONSTANT_CONVERSION = YES;
				CLANG_WARN_DIRECT_OBJC_ISA_USAGE = YES_ERROR;
				CLANG_WARN_EMPTY_BODY = YES;
				CLANG_WARN_ENUM_CONVERSION = YES;
				CLANG_WARN_INT_CONVERSION = YES;
				CLANG_WARN_OBJC_ROOT_CLASS = YES_ERROR;
				CLANG_WARN_UNREACHABLE_CODE = YES;
				CLANG_WARN__DUPLICATE_METHOD_MATCH = YES;
				"CODE_SIGN_IDENTITY[sdk=iphoneos*]" = "iPhone Developer";
				COPY_PHASE_STRIP = NO;
				DEBUG_INFORMATION_FORMAT = "dwarf-with-dsym";
				ENABLE_STRICT_OBJC_MSGSEND = YES;
				GCC_C_LANGUAGE_STANDARD = gnu99;
				GCC_DYNAMIC_NO_PIC = NO;
				GCC_NO_COMMON_BLOCKS = YES;
				GCC_OPTIMIZATION_LEVEL = 0;
				GCC_PREPROCESSOR_DEFINITIONS = (
					"DEBUG=1",
					"$(inherited)",
				);
				GCC_SYMBOLS_PRIVATE_EXTERN = NO;
				GCC_WARN_64_TO_32_BIT_CONVERSION = YES;
				GCC_WARN_ABOUT_RETURN_TYPE = YES_ERROR;
				GCC_WARN_UNDECLARED_SELECTOR = YES;
				GCC_WARN_UNINITIALIZED_AUTOS = YES_AGGRESSIVE;
				GCC_WARN_UNUSED_FUNCTION = YES;
				GCC_WARN_UNUSED_VARIABLE = YES;
				IPHONEOS_DEPLOYMENT_TARGET = 8.3;
				MTL_ENABLE_DEBUG_INFO = YES;
				ONLY_ACTIVE_ARCH = YES;
				SDKROOT = iphoneos;
				TARGETED_DEVICE_FAMILY = "1,2";
			};
			name = Debug;
		};
		3A5A91841B023EEA007A191E /* Release */ = {
			isa = XCBuildConfiguration;
			buildSettings = {
				ALWAYS_SEARCH_USER_PATHS = NO;
				CLANG_CXX_LANGUAGE_STANDARD = "gnu++0x";
				CLANG_CXX_LIBRARY = "libc++";
				CLANG_ENABLE_MODULES = YES;
				CLANG_ENABLE_OBJC_ARC = YES;
				CLANG_WARN_BOOL_CONVERSION = YES;
				CLANG_WARN_CONSTANT_CONVERSION = YES;
				CLANG_WARN_DIRECT_OBJC_ISA_USAGE = YES_ERROR;
				CLANG_WARN_EMPTY_BODY = YES;
				CLANG_WARN_ENUM_CONVERSION = YES;
				CLANG_WARN_INT_CONVERSION = YES;
				CLANG_WARN_OBJC_ROOT_CLASS = YES_ERROR;
				CLANG_WARN_UNREACHABLE_CODE = YES;
				CLANG_WARN__DUPLICATE_METHOD_MATCH = YES;
				"CODE_SIGN_IDENTITY[sdk=iphoneos*]" = "iPhone Developer";
				COPY_PHASE_STRIP = NO;
				DEBUG_INFORMATION_FORMAT = "dwarf-with-dsym";
				ENABLE_NS_ASSERTIONS = NO;
				ENABLE_STRICT_OBJC_MSGSEND = YES;
				GCC_C_LANGUAGE_STANDARD = gnu99;
				GCC_NO_COMMON_BLOCKS = YES;
				GCC_WARN_64_TO_32_BIT_CONVERSION = YES;
				GCC_WARN_ABOUT_RETURN_TYPE = YES_ERROR;
				GCC_WARN_UNDECLARED_SELECTOR = YES;
				GCC_WARN_UNINITIALIZED_AUTOS = YES_AGGRESSIVE;
				GCC_WARN_UNUSED_FUNCTION = YES;
				GCC_WARN_UNUSED_VARIABLE = YES;
				IPHONEOS_DEPLOYMENT_TARGET = 8.3;
				MTL_ENABLE_DEBUG_INFO = NO;
				SDKROOT = iphoneos;
				TARGETED_DEVICE_FAMILY = "1,2";
				VALIDATE_PRODUCT = YES;
			};
			name = Release;
		};
		3A5A91861B023EEA007A191E /* Debug */ = {
			isa = XCBuildConfiguration;
			baseConfigurationReference = C206DDFED759DB2D526231BF /* Pods.debug.xcconfig */;
			buildSettings = {
				ASSETCATALOG_COMPILER_APPICON_NAME = AppIcon;
				INFOPLIST_FILE = FacebookMigration/Info.plist;
				LD_RUNPATH_SEARCH_PATHS = "$(inherited) @executable_path/Frameworks";
				PRODUCT_NAME = "$(TARGET_NAME)";
				TARGETED_DEVICE_FAMILY = 1;
			};
			name = Debug;
		};
		3A5A91871B023EEA007A191E /* Release */ = {
			isa = XCBuildConfiguration;
			baseConfigurationReference = 81BE67AABF3BBA5156045708 /* Pods.release.xcconfig */;
			buildSettings = {
				ASSETCATALOG_COMPILER_APPICON_NAME = AppIcon;
				INFOPLIST_FILE = FacebookMigration/Info.plist;
				LD_RUNPATH_SEARCH_PATHS = "$(inherited) @executable_path/Frameworks";
				PRODUCT_NAME = "$(TARGET_NAME)";
				TARGETED_DEVICE_FAMILY = 1;
			};
			name = Release;
		};
		3A5A91891B023EEA007A191E /* Debug */ = {
			isa = XCBuildConfiguration;
			buildSettings = {
				BUNDLE_LOADER = "$(TEST_HOST)";
				FRAMEWORK_SEARCH_PATHS = (
					"$(SDKROOT)/Developer/Library/Frameworks",
					"$(inherited)",
				);
				GCC_PREPROCESSOR_DEFINITIONS = (
					"DEBUG=1",
					"$(inherited)",
				);
				INFOPLIST_FILE = FacebookMigrationTests/Info.plist;
				LD_RUNPATH_SEARCH_PATHS = "$(inherited) @executable_path/Frameworks @loader_path/Frameworks";
				PRODUCT_NAME = "$(TARGET_NAME)";
				TEST_HOST = "$(BUILT_PRODUCTS_DIR)/FacebookMigration.app/FacebookMigration";
			};
			name = Debug;
		};
		3A5A918A1B023EEA007A191E /* Release */ = {
			isa = XCBuildConfiguration;
			buildSettings = {
				BUNDLE_LOADER = "$(TEST_HOST)";
				FRAMEWORK_SEARCH_PATHS = (
					"$(SDKROOT)/Developer/Library/Frameworks",
					"$(inherited)",
				);
				INFOPLIST_FILE = FacebookMigrationTests/Info.plist;
				LD_RUNPATH_SEARCH_PATHS = "$(inherited) @executable_path/Frameworks @loader_path/Frameworks";
				PRODUCT_NAME = "$(TARGET_NAME)";
				TEST_HOST = "$(BUILT_PRODUCTS_DIR)/FacebookMigration.app/FacebookMigration";
			};
			name = Release;
		};
/* End XCBuildConfiguration section */

/* Begin XCConfigurationList section */
		3A5A915D1B023EEA007A191E /* Build configuration list for PBXProject "FacebookMigration" */ = {
			isa = XCConfigurationList;
			buildConfigurations = (
				3A5A91831B023EEA007A191E /* Debug */,
				3A5A91841B023EEA007A191E /* Release */,
			);
			defaultConfigurationIsVisible = 0;
			defaultConfigurationName = Release;
		};
		3A5A91851B023EEA007A191E /* Build configuration list for PBXNativeTarget "FacebookMigration" */ = {
			isa = XCConfigurationList;
			buildConfigurations = (
				3A5A91861B023EEA007A191E /* Debug */,
				3A5A91871B023EEA007A191E /* Release */,
			);
			defaultConfigurationIsVisible = 0;
			defaultConfigurationName = Release;
		};
		3A5A91881B023EEA007A191E /* Build configuration list for PBXNativeTarget "FacebookMigrationTests" */ = {
			isa = XCConfigurationList;
			buildConfigurations = (
				3A5A91891B023EEA007A191E /* Debug */,
				3A5A918A1B023EEA007A191E /* Release */,
			);
			defaultConfigurationIsVisible = 0;
			defaultConfigurationName = Release;
		};
/* End XCConfigurationList section */
	};
	rootObject = 3A5A915A1B023EEA007A191E /* Project object */;
}
